
Microsoft Visual Studio Solution File, Format Version 12.00
# Visual Studio Version 16
VisualStudioVersion = 16.0.29326.143
MinimumVisualStudioVersion = 10.0.40219.1
Project("{FAE04EC0-301F-11D3-BF4B-00C04F79EFBC}") = "ServiceSYE", "ServiceSYE\ServiceSYE.csproj", "{F1FB42C7-2687-47A0-970E-694934D4D280}"
EndProject
Project("{FAE04EC0-301F-11D3-BF4B-00C04F79EFBC}") = "Host", "Host\Host.csproj", "{65056290-8502-4B8F-9E7B-64CFF62EF7EB}"
EndProject
Project("{FAE04EC0-301F-11D3-BF4B-00C04F79EFBC}") = "DataAccess", "DataAccess\DataAccess.csproj", "{A5C361EF-DEA5-4998-A2F1-6EEA2E99C075}"
EndProject
Project("{FAE04EC0-301F-11D3-BF4B-00C04F79EFBC}") = "ServiceSYETests", "ServiceSYETests\ServiceSYETests.csproj", "{6F38E7CC-1A15-4019-BDB6-6A6EA86BE7C7}"
EndProject
Project("{FAE04EC0-301F-11D3-BF4B-00C04F79EFBC}") = "ServiceSYETestsException", "ServiceSYETests1\ServiceSYETestsException.csproj", "{5B8A9BFA-32F6-44C5-907A-452E52BB3E5B}"
EndProject
Global
	GlobalSection(SolutionConfigurationPlatforms) = preSolution
		Debug|Any CPU = Debug|Any CPU
		Release|Any CPU = Release|Any CPU
	EndGlobalSection
	GlobalSection(ProjectConfigurationPlatforms) = postSolution
		{F1FB42C7-2687-47A0-970E-694934D4D280}.Debug|Any CPU.ActiveCfg = Debug|Any CPU
		{F1FB42C7-2687-47A0-970E-694934D4D280}.Debug|Any CPU.Build.0 = Debug|Any CPU
		{F1FB42C7-2687-47A0-970E-694934D4D280}.Release|Any CPU.ActiveCfg = Release|Any CPU
		{F1FB42C7-2687-47A0-970E-694934D4D280}.Release|Any CPU.Build.0 = Release|Any CPU
		{65056290-8502-4B8F-9E7B-64CFF62EF7EB}.Debug|Any CPU.ActiveCfg = Debug|Any CPU
		{65056290-8502-4B8F-9E7B-64CFF62EF7EB}.Debug|Any CPU.Build.0 = Debug|Any CPU
		{65056290-8502-4B8F-9E7B-64CFF62EF7EB}.Release|Any CPU.ActiveCfg = Release|Any CPU
		{65056290-8502-4B8F-9E7B-64CFF62EF7EB}.Release|Any CPU.Build.0 = Release|Any CPU
		{A5C361EF-DEA5-4998-A2F1-6EEA2E99C075}.Debug|Any CPU.ActiveCfg = Debug|Any CPU
		{A5C361EF-DEA5-4998-A2F1-6EEA2E99C075}.Debug|Any CPU.Build.0 = Debug|Any CPU
		{A5C361EF-DEA5-4998-A2F1-6EEA2E99C075}.Release|Any CPU.ActiveCfg = Release|Any CPU
		{A5C361EF-DEA5-4998-A2F1-6EEA2E99C075}.Release|Any CPU.Build.0 = Release|Any CPU
		{6F38E7CC-1A15-4019-BDB6-6A6EA86BE7C7}.Debug|Any CPU.ActiveCfg = Debug|Any CPU
		{6F38E7CC-1A15-4019-BDB6-6A6EA86BE7C7}.Debug|Any CPU.Build.0 = Debug|Any CPU
		{6F38E7CC-1A15-4019-BDB6-6A6EA86BE7C7}.Release|Any CPU.ActiveCfg = Release|Any CPU
		{6F38E7CC-1A15-4019-BDB6-6A6EA86BE7C7}.Release|Any CPU.Build.0 = Release|Any CPU
		{5B8A9BFA-32F6-44C5-907A-452E52BB3E5B}.Debug|Any CPU.ActiveCfg = Debug|Any CPU
		{5B8A9BFA-32F6-44C5-907A-452E52BB3E5B}.Debug|Any CPU.Build.0 = Debug|Any CPU
		{5B8A9BFA-32F6-44C5-907A-452E52BB3E5B}.Release|Any CPU.ActiveCfg = Release|Any CPU
		{5B8A9BFA-32F6-44C5-907A-452E52BB3E5B}.Release|Any CPU.Build.0 = Release|Any CPU
	EndGlobalSection
	GlobalSection(SolutionProperties) = preSolution
		HideSolutionNode = FALSE
	EndGlobalSection
	GlobalSection(ExtensibilityGlobals) = postSolution
		SolutionGuid = {0595DB5A-69A1-4D7E-B78D-D9EF1ADAD1E7}
	EndGlobalSection
EndGlobal
